
Microsoft Visual Studio Solution File, Format Version 12.00
# Visual Studio Version 16
VisualStudioVersion = 16.0.31515.178
MinimumVisualStudioVersion = 10.0.40219.1
Project("{FAE04EC0-301F-11D3-BF4B-00C04F79EFBC}") = "p12", "p12.csproj", "{71599C92-EC7E-49E9-9FD1-006BE7C62B61}"
EndProject
Global
	GlobalSection(SolutionConfigurationPlatforms) = preSolution
		Debug|Any CPU = Debug|Any CPU
		Release|Any CPU = Release|Any CPU
	EndGlobalSection
	GlobalSection(ProjectConfigurationPlatforms) = postSolution
		{71599C92-EC7E-49E9-9FD1-006BE7C62B61}.Debug|Any CPU.ActiveCfg = Debug|Any CPU
		{71599C92-EC7E-49E9-9FD1-006BE7C62B61}.Debug|Any CPU.Build.0 = Debug|Any CPU
		{71599C92-EC7E-49E9-9FD1-006BE7C62B61}.Release|Any CPU.ActiveCfg = Release|Any CPU
		{71599C92-EC7E-49E9-9FD1-006BE7C62B61}.Release|Any CPU.Build.0 = Release|Any CPU
	EndGlobalSection
	GlobalSection(SolutionProperties) = preSolution
		HideSolutionNode = FALSE
	EndGlobalSection
	GlobalSection(ExtensibilityGlobals) = postSolution
		SolutionGuid = {A392FE91-C453-44CC-8753-EB11D1364A1E}
	EndGlobalSection
EndGlobal
